// !$*UTF8*$!
{
	archiveVersion = 1;
	classes = {
	};
	objectVersion = 56;
	objects = {

/* Begin PBXBuildFile section */
		D8337FD3296AB0A900F60521 /* AppDelegate.swift in Sources */ = {isa = PBXBuildFile; fileRef = D8337FD2296AB0A900F60521 /* AppDelegate.swift */; };
		D8337FD5296AB0A900F60521 /* SceneDelegate.swift in Sources */ = {isa = PBXBuildFile; fileRef = D8337FD4296AB0A900F60521 /* SceneDelegate.swift */; };
		D8337FD7296AB0A900F60521 /* ViewController.swift in Sources */ = {isa = PBXBuildFile; fileRef = D8337FD6296AB0A900F60521 /* ViewController.swift */; };
		D8337FDD296AB0A900F60521 /* MusicPlayer.xcdatamodeld in Sources */ = {isa = PBXBuildFile; fileRef = D8337FDB296AB0A900F60521 /* MusicPlayer.xcdatamodeld */; };
		D8337FDF296AB0AA00F60521 /* Assets.xcassets in Resources */ = {isa = PBXBuildFile; fileRef = D8337FDE296AB0AA00F60521 /* Assets.xcassets */; };
		D8337FE2296AB0AA00F60521 /* LaunchScreen.storyboard in Resources */ = {isa = PBXBuildFile; fileRef = D8337FE0296AB0AA00F60521 /* LaunchScreen.storyboard */; };
		D8337FF3296AB40C00F60521 /* UIView+Ext.swift in Sources */ = {isa = PBXBuildFile; fileRef = D8337FF2296AB40C00F60521 /* UIView+Ext.swift */; };
		D8337FF5296AB4D900F60521 /* CoreDataManager.swift in Sources */ = {isa = PBXBuildFile; fileRef = D8337FF4296AB4D900F60521 /* CoreDataManager.swift */; };
		D8337FFE296AD90800F60521 /* OnboardingViewController.swift in Sources */ = {isa = PBXBuildFile; fileRef = D8337FFD296AD90800F60521 /* OnboardingViewController.swift */; };
/* End PBXBuildFile section */

/* Begin PBXFileReference section */
		D8337FCF296AB0A900F60521 /* MusicPlayer.app */ = {isa = PBXFileReference; explicitFileType = wrapper.application; includeInIndex = 0; path = MusicPlayer.app; sourceTree = BUILT_PRODUCTS_DIR; };
		D8337FD2296AB0A900F60521 /* AppDelegate.swift */ = {isa = PBXFileReference; lastKnownFileType = sourcecode.swift; path = AppDelegate.swift; sourceTree = "<group>"; };
		D8337FD4296AB0A900F60521 /* SceneDelegate.swift */ = {isa = PBXFileReference; lastKnownFileType = sourcecode.swift; path = SceneDelegate.swift; sourceTree = "<group>"; };
		D8337FD6296AB0A900F60521 /* ViewController.swift */ = {isa = PBXFileReference; lastKnownFileType = sourcecode.swift; path = ViewController.swift; sourceTree = "<group>"; };
		D8337FDC296AB0A900F60521 /* MusicPlayer.xcdatamodel */ = {isa = PBXFileReference; lastKnownFileType = wrapper.xcdatamodel; path = MusicPlayer.xcdatamodel; sourceTree = "<group>"; };
		D8337FDE296AB0AA00F60521 /* Assets.xcassets */ = {isa = PBXFileReference; lastKnownFileType = folder.assetcatalog; path = Assets.xcassets; sourceTree = "<group>"; };
		D8337FE1296AB0AA00F60521 /* Base */ = {isa = PBXFileReference; lastKnownFileType = file.storyboard; name = Base; path = Base.lproj/LaunchScreen.storyboard; sourceTree = "<group>"; };
		D8337FE3296AB0AA00F60521 /* Info.plist */ = {isa = PBXFileReference; lastKnownFileType = text.plist.xml; path = Info.plist; sourceTree = "<group>"; };
		D8337FF2296AB40C00F60521 /* UIView+Ext.swift */ = {isa = PBXFileReference; lastKnownFileType = sourcecode.swift; path = "UIView+Ext.swift"; sourceTree = "<group>"; };
		D8337FF4296AB4D900F60521 /* CoreDataManager.swift */ = {isa = PBXFileReference; lastKnownFileType = sourcecode.swift; path = CoreDataManager.swift; sourceTree = "<group>"; };
		D8337FFD296AD90800F60521 /* OnboardingViewController.swift */ = {isa = PBXFileReference; lastKnownFileType = sourcecode.swift; path = OnboardingViewController.swift; sourceTree = "<group>"; };
/* End PBXFileReference section */

/* Begin PBXFrameworksBuildPhase section */
		D8337FCC296AB0A900F60521 /* Frameworks */ = {
			isa = PBXFrameworksBuildPhase;
			buildActionMask = 2147483647;
			files = (
			);
			runOnlyForDeploymentPostprocessing = 0;
		};
/* End PBXFrameworksBuildPhase section */

/* Begin PBXGroup section */
		D8337FC6296AB0A900F60521 = {
			isa = PBXGroup;
			children = (
				D8337FD1296AB0A900F60521 /* MusicPlayer */,
				D8337FD0296AB0A900F60521 /* Products */,
			);
			sourceTree = "<group>";
		};
		D8337FD0296AB0A900F60521 /* Products */ = {
			isa = PBXGroup;
			children = (
				D8337FCF296AB0A900F60521 /* MusicPlayer.app */,
			);
			name = Products;
			sourceTree = "<group>";
		};
		D8337FD1296AB0A900F60521 /* MusicPlayer */ = {
			isa = PBXGroup;
			children = (
				D8337FEE296AB2C600F60521 /* ApplicationServices */,
				D8337FEF296AB3C100F60521 /* Modules */,
				D8337FED296AB2BA00F60521 /* System */,
			);
			path = MusicPlayer;
			sourceTree = "<group>";
		};
		D8337FEA296AB1F800F60521 /* Extensions */ = {
			isa = PBXGroup;
			children = (
				D8337FF2296AB40C00F60521 /* UIView+Ext.swift */,
			);
			path = Extensions;
			sourceTree = "<group>";
		};
		D8337FED296AB2BA00F60521 /* System */ = {
			isa = PBXGroup;
			children = (
				D8337FD2296AB0A900F60521 /* AppDelegate.swift */,
				D8337FD4296AB0A900F60521 /* SceneDelegate.swift */,
				D8337FE0296AB0AA00F60521 /* LaunchScreen.storyboard */,
				D8337FDE296AB0AA00F60521 /* Assets.xcassets */,
				D8337FE3296AB0AA00F60521 /* Info.plist */,
			);
			path = System;
			sourceTree = "<group>";
		};
		D8337FEE296AB2C600F60521 /* ApplicationServices */ = {
			isa = PBXGroup;
			children = (
				D8337FEA296AB1F800F60521 /* Extensions */,
				D8337FF0296AB3CC00F60521 /* NetworkLayer */,
				D8337FF8296AB57E00F60521 /* SoundLayer */,
				D8337FF1296AB3DD00F60521 /* StorageLayer */,
			);
			path = ApplicationServices;
			sourceTree = "<group>";
		};
		D8337FEF296AB3C100F60521 /* Modules */ = {
			isa = PBXGroup;
			children = (
				D8337FFC296AD8BD00F60521 /* OnboardingScreen */,
				D8337FFB296ABCBE00F60521 /* LoginScreen */,
				D8337FD6296AB0A900F60521 /* ViewController.swift */,
			);
			path = Modules;
			sourceTree = "<group>";
		};
		D8337FF0296AB3CC00F60521 /* NetworkLayer */ = {
			isa = PBXGroup;
			children = (
			);
			path = NetworkLayer;
			sourceTree = "<group>";
		};
		D8337FF1296AB3DD00F60521 /* StorageLayer */ = {
			isa = PBXGroup;
			children = (
				D8337FDB296AB0A900F60521 /* MusicPlayer.xcdatamodeld */,
				D8337FF4296AB4D900F60521 /* CoreDataManager.swift */,
			);
			path = StorageLayer;
			sourceTree = "<group>";
		};
		D8337FF8296AB57E00F60521 /* SoundLayer */ = {
			isa = PBXGroup;
			children = (
			);
			path = SoundLayer;
			sourceTree = "<group>";
		};
		D8337FFB296ABCBE00F60521 /* LoginScreen */ = {
			isa = PBXGroup;
			children = (
			);
			path = LoginScreen;
			sourceTree = "<group>";
		};
		D8337FFC296AD8BD00F60521 /* OnboardingScreen */ = {
			isa = PBXGroup;
			children = (
				D8337FFD296AD90800F60521 /* OnboardingViewController.swift */,
			);
			path = OnboardingScreen;
			sourceTree = "<group>";
		};
/* End PBXGroup section */

/* Begin PBXNativeTarget section */
		D8337FCE296AB0A900F60521 /* MusicPlayer */ = {
			isa = PBXNativeTarget;
			buildConfigurationList = D8337FE6296AB0AA00F60521 /* Build configuration list for PBXNativeTarget "MusicPlayer" */;
			buildPhases = (
				D8337FCB296AB0A900F60521 /* Sources */,
				D8337FCC296AB0A900F60521 /* Frameworks */,
				D8337FCD296AB0A900F60521 /* Resources */,
			);
			buildRules = (
			);
			dependencies = (
			);
			name = MusicPlayer;
			productName = MusicPlayer;
			productReference = D8337FCF296AB0A900F60521 /* MusicPlayer.app */;
			productType = "com.apple.product-type.application";
		};
/* End PBXNativeTarget section */

/* Begin PBXProject section */
		D8337FC7296AB0A900F60521 /* Project object */ = {
			isa = PBXProject;
			attributes = {
				BuildIndependentTargetsInParallel = 1;
				LastSwiftUpdateCheck = 1400;
				LastUpgradeCheck = 1400;
				TargetAttributes = {
					D8337FCE296AB0A900F60521 = {
						CreatedOnToolsVersion = 14.0.1;
					};
				};
			};
			buildConfigurationList = D8337FCA296AB0A900F60521 /* Build configuration list for PBXProject "MusicPlayer" */;
			compatibilityVersion = "Xcode 14.0";
			developmentRegion = en;
			hasScannedForEncodings = 0;
			knownRegions = (
				en,
				Base,
			);
			mainGroup = D8337FC6296AB0A900F60521;
			productRefGroup = D8337FD0296AB0A900F60521 /* Products */;
			projectDirPath = "";
			projectRoot = "";
			targets = (
				D8337FCE296AB0A900F60521 /* MusicPlayer */,
			);
		};
/* End PBXProject section */

/* Begin PBXResourcesBuildPhase section */
		D8337FCD296AB0A900F60521 /* Resources */ = {
			isa = PBXResourcesBuildPhase;
			buildActionMask = 2147483647;
			files = (
				D8337FE2296AB0AA00F60521 /* LaunchScreen.storyboard in Resources */,
				D8337FDF296AB0AA00F60521 /* Assets.xcassets in Resources */,
			);
			runOnlyForDeploymentPostprocessing = 0;
		};
/* End PBXResourcesBuildPhase section */

/* Begin PBXSourcesBuildPhase section */
		D8337FCB296AB0A900F60521 /* Sources */ = {
			isa = PBXSourcesBuildPhase;
			buildActionMask = 2147483647;
			files = (
				D8337FD7296AB0A900F60521 /* ViewController.swift in Sources */,
				D8337FD3296AB0A900F60521 /* AppDelegate.swift in Sources */,
				D8337FFE296AD90800F60521 /* OnboardingViewController.swift in Sources */,
				D8337FF3296AB40C00F60521 /* UIView+Ext.swift in Sources */,
				D8337FF5296AB4D900F60521 /* CoreDataManager.swift in Sources */,
				D8337FDD296AB0A900F60521 /* MusicPlayer.xcdatamodeld in Sources */,
				D8337FD5296AB0A900F60521 /* SceneDelegate.swift in Sources */,
			);
			runOnlyForDeploymentPostprocessing = 0;
		};
/* End PBXSourcesBuildPhase section */

/* Begin PBXVariantGroup section */
		D8337FE0296AB0AA00F60521 /* LaunchScreen.storyboard */ = {
			isa = PBXVariantGroup;
			children = (
				D8337FE1296AB0AA00F60521 /* Base */,
			);
			name = LaunchScreen.storyboard;
			sourceTree = "<group>";
		};
/* End PBXVariantGroup section */

/* Begin XCBuildConfiguration section */
		D8337FE4296AB0AA00F60521 /* Debug */ = {
			isa = XCBuildConfiguration;
			buildSettings = {
				ALWAYS_SEARCH_USER_PATHS = NO;
				CLANG_ANALYZER_NONNULL = YES;
				CLANG_ANALYZER_NUMBER_OBJECT_CONVERSION = YES_AGGRESSIVE;
				CLANG_CXX_LANGUAGE_STANDARD = "gnu++20";
				CLANG_ENABLE_MODULES = YES;
				CLANG_ENABLE_OBJC_ARC = YES;
				CLANG_ENABLE_OBJC_WEAK = YES;
				CLANG_WARN_BLOCK_CAPTURE_AUTORELEASING = YES;
				CLANG_WARN_BOOL_CONVERSION = YES;
				CLANG_WARN_COMMA = YES;
				CLANG_WARN_CONSTANT_CONVERSION = YES;
				CLANG_WARN_DEPRECATED_OBJC_IMPLEMENTATIONS = YES;
				CLANG_WARN_DIRECT_OBJC_ISA_USAGE = YES_ERROR;
				CLANG_WARN_DOCUMENTATION_COMMENTS = YES;
				CLANG_WARN_EMPTY_BODY = YES;
				CLANG_WARN_ENUM_CONVERSION = YES;
				CLANG_WARN_INFINITE_RECURSION = YES;
				CLANG_WARN_INT_CONVERSION = YES;
				CLANG_WARN_NON_LITERAL_NULL_CONVERSION = YES;
				CLANG_WARN_OBJC_IMPLICIT_RETAIN_SELF = YES;
				CLANG_WARN_OBJC_LITERAL_CONVERSION = YES;
				CLANG_WARN_OBJC_ROOT_CLASS = YES_ERROR;
				CLANG_WARN_QUOTED_INCLUDE_IN_FRAMEWORK_HEADER = YES;
				CLANG_WARN_RANGE_LOOP_ANALYSIS = YES;
				CLANG_WARN_STRICT_PROTOTYPES = YES;
				CLANG_WARN_SUSPICIOUS_MOVE = YES;
				CLANG_WARN_UNGUARDED_AVAILABILITY = YES_AGGRESSIVE;
				CLANG_WARN_UNREACHABLE_CODE = YES;
				CLANG_WARN__DUPLICATE_METHOD_MATCH = YES;
				COPY_PHASE_STRIP = NO;
				DEBUG_INFORMATION_FORMAT = dwarf;
				ENABLE_STRICT_OBJC_MSGSEND = YES;
				ENABLE_TESTABILITY = YES;
				GCC_C_LANGUAGE_STANDARD = gnu11;
				GCC_DYNAMIC_NO_PIC = NO;
				GCC_NO_COMMON_BLOCKS = YES;
				GCC_OPTIMIZATION_LEVEL = 0;
				GCC_PREPROCESSOR_DEFINITIONS = (
					"DEBUG=1",
					"$(inherited)",
				);
				GCC_WARN_64_TO_32_BIT_CONVERSION = YES;
				GCC_WARN_ABOUT_RETURN_TYPE = YES_ERROR;
				GCC_WARN_UNDECLARED_SELECTOR = YES;
				GCC_WARN_UNINITIALIZED_AUTOS = YES_AGGRESSIVE;
				GCC_WARN_UNUSED_FUNCTION = YES;
				GCC_WARN_UNUSED_VARIABLE = YES;
				IPHONEOS_DEPLOYMENT_TARGET = 16.0;
				MTL_ENABLE_DEBUG_INFO = INCLUDE_SOURCE;
				MTL_FAST_MATH = YES;
				ONLY_ACTIVE_ARCH = YES;
				SDKROOT = iphoneos;
				SWIFT_ACTIVE_COMPILATION_CONDITIONS = DEBUG;
				SWIFT_OPTIMIZATION_LEVEL = "-Onone";
			};
			name = Debug;
		};
		D8337FE5296AB0AA00F60521 /* Release */ = {
			isa = XCBuildConfiguration;
			buildSettings = {
				ALWAYS_SEARCH_USER_PATHS = NO;
				CLANG_ANALYZER_NONNULL = YES;
				CLANG_ANALYZER_NUMBER_OBJECT_CONVERSION = YES_AGGRESSIVE;
				CLANG_CXX_LANGUAGE_STANDARD = "gnu++20";
				CLANG_ENABLE_MODULES = YES;
				CLANG_ENABLE_OBJC_ARC = YES;
				CLANG_ENABLE_OBJC_WEAK = YES;
				CLANG_WARN_BLOCK_CAPTURE_AUTORELEASING = YES;
				CLANG_WARN_BOOL_CONVERSION = YES;
				CLANG_WARN_COMMA = YES;
				CLANG_WARN_CONSTANT_CONVERSION = YES;
				CLANG_WARN_DEPRECATED_OBJC_IMPLEMENTATIONS = YES;
				CLANG_WARN_DIRECT_OBJC_ISA_USAGE = YES_ERROR;
				CLANG_WARN_DOCUMENTATION_COMMENTS = YES;
				CLANG_WARN_EMPTY_BODY = YES;
				CLANG_WARN_ENUM_CONVERSION = YES;
				CLANG_WARN_INFINITE_RECURSION = YES;
				CLANG_WARN_INT_CONVERSION = YES;
				CLANG_WARN_NON_LITERAL_NULL_CONVERSION = YES;
				CLANG_WARN_OBJC_IMPLICIT_RETAIN_SELF = YES;
				CLANG_WARN_OBJC_LITERAL_CONVERSION = YES;
				CLANG_WARN_OBJC_ROOT_CLASS = YES_ERROR;
				CLANG_WARN_QUOTED_INCLUDE_IN_FRAMEWORK_HEADER = YES;
				CLANG_WARN_RANGE_LOOP_ANALYSIS = YES;
				CLANG_WARN_STRICT_PROTOTYPES = YES;
				CLANG_WARN_SUSPICIOUS_MOVE = YES;
				CLANG_WARN_UNGUARDED_AVAILABILITY = YES_AGGRESSIVE;
				CLANG_WARN_UNREACHABLE_CODE = YES;
				CLANG_WARN__DUPLICATE_METHOD_MATCH = YES;
				COPY_PHASE_STRIP = NO;
				DEBUG_INFORMATION_FORMAT = "dwarf-with-dsym";
				ENABLE_NS_ASSERTIONS = NO;
				ENABLE_STRICT_OBJC_MSGSEND = YES;
				GCC_C_LANGUAGE_STANDARD = gnu11;
				GCC_NO_COMMON_BLOCKS = YES;
				GCC_WARN_64_TO_32_BIT_CONVERSION = YES;
				GCC_WARN_ABOUT_RETURN_TYPE = YES_ERROR;
				GCC_WARN_UNDECLARED_SELECTOR = YES;
				GCC_WARN_UNINITIALIZED_AUTOS = YES_AGGRESSIVE;
				GCC_WARN_UNUSED_FUNCTION = YES;
				GCC_WARN_UNUSED_VARIABLE = YES;
				IPHONEOS_DEPLOYMENT_TARGET = 16.0;
				MTL_ENABLE_DEBUG_INFO = NO;
				MTL_FAST_MATH = YES;
				SDKROOT = iphoneos;
				SWIFT_COMPILATION_MODE = wholemodule;
				SWIFT_OPTIMIZATION_LEVEL = "-O";
				VALIDATE_PRODUCT = YES;
			};
			name = Release;
		};
		D8337FE7296AB0AA00F60521 /* Debug */ = {
			isa = XCBuildConfiguration;
			buildSettings = {
				ASSETCATALOG_COMPILER_APPICON_NAME = AppIcon;
				ASSETCATALOG_COMPILER_GLOBAL_ACCENT_COLOR_NAME = AccentColor;
				CODE_SIGN_STYLE = Automatic;
				CURRENT_PROJECT_VERSION = 1;
				GENERATE_INFOPLIST_FILE = YES;
				INFOPLIST_FILE = MusicPlayer/System/Info.plist;
				INFOPLIST_KEY_UIApplicationSupportsIndirectInputEvents = YES;
				INFOPLIST_KEY_UILaunchStoryboardName = LaunchScreen;
				INFOPLIST_KEY_UISupportedInterfaceOrientations = UIInterfaceOrientationPortrait;
				INFOPLIST_KEY_UISupportedInterfaceOrientations_iPad = "UIInterfaceOrientationLandscapeLeft UIInterfaceOrientationLandscapeRight UIInterfaceOrientationPortrait UIInterfaceOrientationPortraitUpsideDown";
				LD_RUNPATH_SEARCH_PATHS = (
					"$(inherited)",
					"@executable_path/Frameworks",
				);
				MARKETING_VERSION = 1.0;
				PRODUCT_BUNDLE_IDENTIFIER = com.DariiaV.MusicPlayer;
				PRODUCT_NAME = "$(TARGET_NAME)";
				SWIFT_EMIT_LOC_STRINGS = YES;
				SWIFT_VERSION = 5.0;
				TARGETED_DEVICE_FAMILY = "1,2";
			};
			name = Debug;
		};
		D8337FE8296AB0AA00F60521 /* Release */ = {
			isa = XCBuildConfiguration;
			buildSettings = {
				ASSETCATALOG_COMPILER_APPICON_NAME = AppIcon;
				ASSETCATALOG_COMPILER_GLOBAL_ACCENT_COLOR_NAME = AccentColor;
				CODE_SIGN_STYLE = Automatic;
				CURRENT_PROJECT_VERSION = 1;
				GENERATE_INFOPLIST_FILE = YES;
				INFOPLIST_FILE = MusicPlayer/System/Info.plist;
				INFOPLIST_KEY_UIApplicationSupportsIndirectInputEvents = YES;
				INFOPLIST_KEY_UILaunchStoryboardName = LaunchScreen;
				INFOPLIST_KEY_UISupportedInterfaceOrientations = UIInterfaceOrientationPortrait;
				INFOPLIST_KEY_UISupportedInterfaceOrientations_iPad = "UIInterfaceOrientationLandscapeLeft UIInterfaceOrientationLandscapeRight UIInterfaceOrientationPortrait UIInterfaceOrientationPortraitUpsideDown";
				LD_RUNPATH_SEARCH_PATHS = (
					"$(inherited)",
					"@executable_path/Frameworks",
				);
				MARKETING_VERSION = 1.0;
				PRODUCT_BUNDLE_IDENTIFIER = com.DariiaV.MusicPlayer;
				PRODUCT_NAME = "$(TARGET_NAME)";
				SWIFT_EMIT_LOC_STRINGS = YES;
				SWIFT_VERSION = 5.0;
				TARGETED_DEVICE_FAMILY = "1,2";
			};
			name = Release;
		};
/* End XCBuildConfiguration section */

/* Begin XCConfigurationList section */
		D8337FCA296AB0A900F60521 /* Build configuration list for PBXProject "MusicPlayer" */ = {
			isa = XCConfigurationList;
			buildConfigurations = (
				D8337FE4296AB0AA00F60521 /* Debug */,
				D8337FE5296AB0AA00F60521 /* Release */,
			);
			defaultConfigurationIsVisible = 0;
			defaultConfigurationName = Release;
		};
		D8337FE6296AB0AA00F60521 /* Build configuration list for PBXNativeTarget "MusicPlayer" */ = {
			isa = XCConfigurationList;
			buildConfigurations = (
				D8337FE7296AB0AA00F60521 /* Debug */,
				D8337FE8296AB0AA00F60521 /* Release */,
			);
			defaultConfigurationIsVisible = 0;
			defaultConfigurationName = Release;
		};
/* End XCConfigurationList section */

/* Begin XCVersionGroup section */
		D8337FDB296AB0A900F60521 /* MusicPlayer.xcdatamodeld */ = {
			isa = XCVersionGroup;
			children = (
				D8337FDC296AB0A900F60521 /* MusicPlayer.xcdatamodel */,
			);
			currentVersion = D8337FDC296AB0A900F60521 /* MusicPlayer.xcdatamodel */;
			path = MusicPlayer.xcdatamodeld;
			sourceTree = "<group>";
			versionGroupType = wrapper.xcdatamodel;
		};
/* End XCVersionGroup section */
	};
	rootObject = D8337FC7296AB0A900F60521 /* Project object */;
}
